
Microsoft Visual Studio Solution File, Format Version 12.00
# Visual Studio Version 17
VisualStudioVersion = 17.5.33627.172
MinimumVisualStudioVersion = 10.0.40219.1
Project("{FAE04EC0-301F-11D3-BF4B-00C04F79EFBC}") = "gk1", "gk1\gk1.csproj", "{76186F34-BC4D-49BB-BA38-8887F2928340}"
EndProject
Project("{2150E333-8FDC-42A3-9474-1A3956D46DE8}") = "Elementy rozwiązania", "Elementy rozwiązania", "{4A91E90D-8BAB-4511-B6BE-C668F82C6928}"
EndProject
Global
	GlobalSection(SolutionConfigurationPlatforms) = preSolution
		Debug|Any CPU = Debug|Any CPU
		Release|Any CPU = Release|Any CPU
	EndGlobalSection
	GlobalSection(ProjectConfigurationPlatforms) = postSolution
		{76186F34-BC4D-49BB-BA38-8887F2928340}.Debug|Any CPU.ActiveCfg = Debug|Any CPU
		{76186F34-BC4D-49BB-BA38-8887F2928340}.Debug|Any CPU.Build.0 = Debug|Any CPU
		{76186F34-BC4D-49BB-BA38-8887F2928340}.Release|Any CPU.ActiveCfg = Release|Any CPU
		{76186F34-BC4D-49BB-BA38-8887F2928340}.Release|Any CPU.Build.0 = Release|Any CPU
	EndGlobalSection
	GlobalSection(SolutionProperties) = preSolution
		HideSolutionNode = FALSE
	EndGlobalSection
	GlobalSection(ExtensibilityGlobals) = postSolution
		SolutionGuid = {E239714A-B771-4362-B225-CCB33FA9F81C}
	EndGlobalSection
EndGlobal
